
Microsoft Visual Studio Solution File, Format Version 12.00
# Visual Studio Version 16
VisualStudioVersion = 16.0.30503.244
MinimumVisualStudioVersion = 10.0.40219.1
Project("{FAE04EC0-301F-11D3-BF4B-00C04F79EFBC}") = "StateSpaceSearch", "StateSpaceSearch\StateSpaceSearch.csproj", "{A0159A54-055F-42EA-83EE-787B5FD6857E}"
EndProject
Global
	GlobalSection(SolutionConfigurationPlatforms) = preSolution
		Debug|Any CPU = Debug|Any CPU
		Release|Any CPU = Release|Any CPU
	EndGlobalSection
	GlobalSection(ProjectConfigurationPlatforms) = postSolution
		{A0159A54-055F-42EA-83EE-787B5FD6857E}.Debug|Any CPU.ActiveCfg = Debug|Any CPU
		{A0159A54-055F-42EA-83EE-787B5FD6857E}.Debug|Any CPU.Build.0 = Debug|Any CPU
		{A0159A54-055F-42EA-83EE-787B5FD6857E}.Release|Any CPU.ActiveCfg = Release|Any CPU
		{A0159A54-055F-42EA-83EE-787B5FD6857E}.Release|Any CPU.Build.0 = Release|Any CPU
	EndGlobalSection
	GlobalSection(SolutionProperties) = preSolution
		HideSolutionNode = FALSE
	EndGlobalSection
	GlobalSection(ExtensibilityGlobals) = postSolution
		SolutionGuid = {722D7BD2-7C33-40D7-AE7C-7DD823A0F053}
	EndGlobalSection
EndGlobal
