
Microsoft Visual Studio Solution File, Format Version 12.00
# Visual Studio Version 16
VisualStudioVersion = 16.0.29519.181
MinimumVisualStudioVersion = 10.0.40219.1
Project("{FAE04EC0-301F-11D3-BF4B-00C04F79EFBC}") = "Data Assignment One", "Data Assignment One\Data Assignment One.csproj", "{A1188305-9DD7-4920-B963-3586EE36D3C5}"
EndProject
Global
	GlobalSection(SolutionConfigurationPlatforms) = preSolution
		Debug|Any CPU = Debug|Any CPU
		Release|Any CPU = Release|Any CPU
	EndGlobalSection
	GlobalSection(ProjectConfigurationPlatforms) = postSolution
		{A1188305-9DD7-4920-B963-3586EE36D3C5}.Debug|Any CPU.ActiveCfg = Debug|Any CPU
		{A1188305-9DD7-4920-B963-3586EE36D3C5}.Debug|Any CPU.Build.0 = Debug|Any CPU
		{A1188305-9DD7-4920-B963-3586EE36D3C5}.Release|Any CPU.ActiveCfg = Release|Any CPU
		{A1188305-9DD7-4920-B963-3586EE36D3C5}.Release|Any CPU.Build.0 = Release|Any CPU
	EndGlobalSection
	GlobalSection(SolutionProperties) = preSolution
		HideSolutionNode = FALSE
	EndGlobalSection
	GlobalSection(ExtensibilityGlobals) = postSolution
		SolutionGuid = {24627CBE-BE41-4BDC-B29B-F9178A70F71D}
	EndGlobalSection
EndGlobal
